
Microsoft Visual Studio Solution File, Format Version 12.00
# Visual Studio Version 17
VisualStudioVersion = 17.1.32210.238
MinimumVisualStudioVersion = 10.0.40219.1
Project("{2150E333-8FDC-42A3-9474-1A3956D46DE8}") = "Core", "Core", "{C1013B1B-7584-4FB0-896D-74E49E2DF150}"
EndProject
Project("{2150E333-8FDC-42A3-9474-1A3956D46DE8}") = "Shared", "Shared", "{F17E49CC-88A8-4BE8-BD49-140B3AF1513D}"
EndProject
Project("{2150E333-8FDC-42A3-9474-1A3956D46DE8}") = "Test", "Test", "{A0E2A87D-0F59-4294-B0C2-D014066C2C14}"
EndProject
Project("{9A19103F-16F7-4668-BE54-9A1E7A4F7556}") = "UM.DataAccess", "Core\UM.DataAccess\UM.DataAccess.csproj", "{CB36E9DD-391F-486A-9BF1-D7DD97FBAF27}"
EndProject
Project("{9A19103F-16F7-4668-BE54-9A1E7A4F7556}") = "UM.REST", "Core\UM.REST\UM.REST.csproj", "{C837B82A-C1DB-4142-9F02-E989E7349E09}"
EndProject
Project("{9A19103F-16F7-4668-BE54-9A1E7A4F7556}") = "UM.Utility", "Shared\UM.Utility\UM.Utility.csproj", "{6BA00983-0F92-4230-A38D-4B56C848181D}"
EndProject
Project("{9A19103F-16F7-4668-BE54-9A1E7A4F7556}") = "UM.Sdk", "Shared\UM.Sdk\UM.Sdk.csproj", "{DC80B00A-970F-458C-B958-4FAC6E095788}"
EndProject
Project("{9A19103F-16F7-4668-BE54-9A1E7A4F7556}") = "UM.ServiceProvider", "Core\UM.ServiceProvider\UM.ServiceProvider.csproj", "{91D7A360-7735-4C2F-8B29-C4F4C9A96A8A}"
EndProject
Project("{FAE04EC0-301F-11D3-BF4B-00C04F79EFBC}") = "UM.Tests", "UM.Tests\UM.Tests.csproj", "{AA30BF39-2C41-4F6C-93DA-59DFD681E83F}"
EndProject
Global
	GlobalSection(SolutionConfigurationPlatforms) = preSolution
		Debug|Any CPU = Debug|Any CPU
		Release|Any CPU = Release|Any CPU
	EndGlobalSection
	GlobalSection(ProjectConfigurationPlatforms) = postSolution
		{CB36E9DD-391F-486A-9BF1-D7DD97FBAF27}.Debug|Any CPU.ActiveCfg = Debug|Any CPU
		{CB36E9DD-391F-486A-9BF1-D7DD97FBAF27}.Debug|Any CPU.Build.0 = Debug|Any CPU
		{CB36E9DD-391F-486A-9BF1-D7DD97FBAF27}.Release|Any CPU.ActiveCfg = Release|Any CPU
		{CB36E9DD-391F-486A-9BF1-D7DD97FBAF27}.Release|Any CPU.Build.0 = Release|Any CPU
		{C837B82A-C1DB-4142-9F02-E989E7349E09}.Debug|Any CPU.ActiveCfg = Debug|Any CPU
		{C837B82A-C1DB-4142-9F02-E989E7349E09}.Debug|Any CPU.Build.0 = Debug|Any CPU
		{C837B82A-C1DB-4142-9F02-E989E7349E09}.Release|Any CPU.ActiveCfg = Release|Any CPU
		{C837B82A-C1DB-4142-9F02-E989E7349E09}.Release|Any CPU.Build.0 = Release|Any CPU
		{6BA00983-0F92-4230-A38D-4B56C848181D}.Debug|Any CPU.ActiveCfg = Debug|Any CPU
		{6BA00983-0F92-4230-A38D-4B56C848181D}.Debug|Any CPU.Build.0 = Debug|Any CPU
		{6BA00983-0F92-4230-A38D-4B56C848181D}.Release|Any CPU.ActiveCfg = Release|Any CPU
		{6BA00983-0F92-4230-A38D-4B56C848181D}.Release|Any CPU.Build.0 = Release|Any CPU
		{DC80B00A-970F-458C-B958-4FAC6E095788}.Debug|Any CPU.ActiveCfg = Debug|Any CPU
		{DC80B00A-970F-458C-B958-4FAC6E095788}.Debug|Any CPU.Build.0 = Debug|Any CPU
		{DC80B00A-970F-458C-B958-4FAC6E095788}.Release|Any CPU.ActiveCfg = Release|Any CPU
		{DC80B00A-970F-458C-B958-4FAC6E095788}.Release|Any CPU.Build.0 = Release|Any CPU
		{91D7A360-7735-4C2F-8B29-C4F4C9A96A8A}.Debug|Any CPU.ActiveCfg = Debug|Any CPU
		{91D7A360-7735-4C2F-8B29-C4F4C9A96A8A}.Debug|Any CPU.Build.0 = Debug|Any CPU
		{91D7A360-7735-4C2F-8B29-C4F4C9A96A8A}.Release|Any CPU.ActiveCfg = Release|Any CPU
		{91D7A360-7735-4C2F-8B29-C4F4C9A96A8A}.Release|Any CPU.Build.0 = Release|Any CPU
		{AA30BF39-2C41-4F6C-93DA-59DFD681E83F}.Debug|Any CPU.ActiveCfg = Debug|Any CPU
		{AA30BF39-2C41-4F6C-93DA-59DFD681E83F}.Debug|Any CPU.Build.0 = Debug|Any CPU
		{AA30BF39-2C41-4F6C-93DA-59DFD681E83F}.Release|Any CPU.ActiveCfg = Release|Any CPU
		{AA30BF39-2C41-4F6C-93DA-59DFD681E83F}.Release|Any CPU.Build.0 = Release|Any CPU
	EndGlobalSection
	GlobalSection(SolutionProperties) = preSolution
		HideSolutionNode = FALSE
	EndGlobalSection
	GlobalSection(NestedProjects) = preSolution
		{CB36E9DD-391F-486A-9BF1-D7DD97FBAF27} = {C1013B1B-7584-4FB0-896D-74E49E2DF150}
		{C837B82A-C1DB-4142-9F02-E989E7349E09} = {C1013B1B-7584-4FB0-896D-74E49E2DF150}
		{6BA00983-0F92-4230-A38D-4B56C848181D} = {F17E49CC-88A8-4BE8-BD49-140B3AF1513D}
		{DC80B00A-970F-458C-B958-4FAC6E095788} = {F17E49CC-88A8-4BE8-BD49-140B3AF1513D}
		{91D7A360-7735-4C2F-8B29-C4F4C9A96A8A} = {C1013B1B-7584-4FB0-896D-74E49E2DF150}
		{AA30BF39-2C41-4F6C-93DA-59DFD681E83F} = {A0E2A87D-0F59-4294-B0C2-D014066C2C14}
	EndGlobalSection
	GlobalSection(ExtensibilityGlobals) = postSolution
		SolutionGuid = {6A98F9DB-A74D-4AC9-8042-ADB845F79D59}
	EndGlobalSection
EndGlobal
